
Microsoft Visual Studio Solution File, Format Version 12.00
# Visual Studio Version 16
VisualStudioVersion = 16.0.29503.13
MinimumVisualStudioVersion = 10.0.40219.1
Project("{FAE04EC0-301F-11D3-BF4B-00C04F79EFBC}") = "Petrix_Client", "WebApplication1\Petrix_Client.csproj", "{3C2FA400-8B57-4631-AAC9-31759742172F}"
EndProject
Global
	GlobalSection(SolutionConfigurationPlatforms) = preSolution
		Debug|Any CPU = Debug|Any CPU
		Release|Any CPU = Release|Any CPU
	EndGlobalSection
	GlobalSection(ProjectConfigurationPlatforms) = postSolution
		{3C2FA400-8B57-4631-AAC9-31759742172F}.Debug|Any CPU.ActiveCfg = Debug|Any CPU
		{3C2FA400-8B57-4631-AAC9-31759742172F}.Debug|Any CPU.Build.0 = Debug|Any CPU
		{3C2FA400-8B57-4631-AAC9-31759742172F}.Release|Any CPU.ActiveCfg = Release|Any CPU
		{3C2FA400-8B57-4631-AAC9-31759742172F}.Release|Any CPU.Build.0 = Release|Any CPU
	EndGlobalSection
	GlobalSection(SolutionProperties) = preSolution
		HideSolutionNode = FALSE
	EndGlobalSection
	GlobalSection(ExtensibilityGlobals) = postSolution
		SolutionGuid = {90CCB3B9-E7DC-482C-A885-1E6C5C96204C}
	EndGlobalSection
EndGlobal
